
Microsoft Visual Studio Solution File, Format Version 12.00
# Visual Studio Version 17
VisualStudioVersion = 17.14.36327.8 d17.14
MinimumVisualStudioVersion = 10.0.40219.1
Project("{FAE04EC0-301F-11D3-BF4B-00C04F79EFBC}") = "AgentApi", "AgentApi.csproj", "{68706B6F-D623-0274-B734-CA34312D25CC}"
EndProject
Global
	GlobalSection(SolutionConfigurationPlatforms) = preSolution
		Debug|Any CPU = Debug|Any CPU
		Release|Any CPU = Release|Any CPU
	EndGlobalSection
	GlobalSection(ProjectConfigurationPlatforms) = postSolution
		{68706B6F-D623-0274-B734-CA34312D25CC}.Debug|Any CPU.ActiveCfg = Debug|Any CPU
		{68706B6F-D623-0274-B734-CA34312D25CC}.Debug|Any CPU.Build.0 = Debug|Any CPU
		{68706B6F-D623-0274-B734-CA34312D25CC}.Release|Any CPU.ActiveCfg = Release|Any CPU
		{68706B6F-D623-0274-B734-CA34312D25CC}.Release|Any CPU.Build.0 = Release|Any CPU
	EndGlobalSection
	GlobalSection(SolutionProperties) = preSolution
		HideSolutionNode = FALSE
	EndGlobalSection
	GlobalSection(ExtensibilityGlobals) = postSolution
		SolutionGuid = {B68834FA-49EC-4868-9B82-292F06E6E746}
	EndGlobalSection
EndGlobal
